PODS:
  - DownPicker (0.1.34)
  - IQKeyboardManager (4.0.10)
  - KYDrawerController (2.0.1)
  - MBProgressHUD (1.0.0)
  - ObjectiveRecord (1.5.0):
    - ObjectiveSugar
  - ObjectiveSugar (1.1.0)

DEPENDENCIES:
  - DownPicker (= 0.1.34)
  - IQKeyboardManager (= 4.0.10)
  - KYDrawerController
  - MBProgressHUD (= 1.0.0)
  - ObjectiveRecord

SPEC CHECKSUMS:
  DownPicker: c00ea63f08ae82116cc93d0eba74e86bf3d4c68e
  IQKeyboardManager: 593ee99b88381f4b9ccb22bd680f22606351bd41
  KYDrawerController: b716cfa5730dc2133a67efcfc28b3b5a2cff6101
  MBProgressHUD: 4890f671c94e8a0f3cf959aa731e9de2f036d71a
  ObjectiveRecord: f290d17272e476b3c881300910e98284200c54b6
  ObjectiveSugar: a6a25f23d657c19df0a0b972466d5b5ca9f5295c

PODFILE CHECKSUM: 94c53783dbae96f610be272a4363c8e59bdcaa0a

COCOAPODS: 1.2.1
