PODS:
  - Alamofire (4.5.1)
  - GoogleMaps (2.4.0):
    - GoogleMaps/Maps (= 2.4.0)
  - GoogleMaps/Base (2.4.0)
  - GoogleMaps/Maps (2.4.0):
    - GoogleMaps/Base
  - IQKeyboardManager (4.0.10)
  - ISHPullUp (1.0.5)
  - KYDrawerController (2.0.1)
  - MBProgressHUD (1.0.0)
  - ObjectMapper (3.0.0)
  - ReachabilitySwift (3)
  - SDWebImage (4.1.0):
    - SDWebImage/Core (= 4.1.0)
  - SDWebImage/Core (4.1.0)
  - SwiftRecord (0.0.6)
  - SwiftyJSON (3.1.4)

DEPENDENCIES:
  - Alamofire (= 4.5.1)
  - GoogleMaps (= 2.4.0)
  - IQKeyboardManager (= 4.0.10)
  - ISHPullUp (= 1.0.5)
  - KYDrawerController
  - MBProgressHUD (= 1.0.0)
  - ObjectMapper (= 3.0.0)
  - ReachabilitySwift (= 3)
  - SDWebImage (= 4.1.0)
  - SwiftRecord (= 0.0.6)
  - SwiftyJSON (= 3.1.4)

SPEC CHECKSUMS:
  Alamofire: 2d95912bf4c34f164fdfc335872e8c312acaea4a
  GoogleMaps: 8436ab5d1c25e36915b2f7416d0c8e3fa2e76c61
  IQKeyboardManager: 593ee99b88381f4b9ccb22bd680f22606351bd41
  ISHPullUp: 2a7208631422b91c7d5ce4556c86d182921823df
  KYDrawerController: b716cfa5730dc2133a67efcfc28b3b5a2cff6101
  MBProgressHUD: 4890f671c94e8a0f3cf959aa731e9de2f036d71a
  ObjectMapper: 92230db59bf8f341a5c3a3cf0b9fbdde3cf0d87f
  ReachabilitySwift: f5b9bb30a0777fac8f09ce8b067e32faeb29bb64
  SDWebImage: 0e435c14e402a6730315a0fb79f95e68654d55a4
  SwiftRecord: 0e323b089f2c84639f7e12aa2c827d85fa871af0
  SwiftyJSON: c2842d878f95482ffceec5709abc3d05680c0220

PODFILE CHECKSUM: 09d459de3febe63b2567e4f8f1fefcc25dc0ab61

COCOAPODS: 1.3.1
