// !$*UTF8*$!
{
	archiveVersion = 1;
	classes = {
	};
	objectVersion = 46;
	objects = {

/* Begin PBXBuildFile section */
		A88F3E4D1F1BF13100AE6ACC /* AppDelegate.swift in Sources */ = {isa = PBXBuildFile; fileRef = A88F3E4C1F1BF13100AE6ACC /* AppDelegate.swift */; };
		A88F3E541F1BF13100AE6ACC /* Assets.xcassets in Resources */ = {isa = PBXBuildFile; fileRef = A88F3E531F1BF13100AE6ACC /* Assets.xcassets */; };
		A88F3E611F1BF19000AE6ACC /* LoginViewController.swift in Sources */ = {isa = PBXBuildFile; fileRef = A88F3E5F1F1BF19000AE6ACC /* LoginViewController.swift */; };
		A88F3E621F1BF19000AE6ACC /* LoginViewController.xib in Resources */ = {isa = PBXBuildFile; fileRef = A88F3E601F1BF19000AE6ACC /* LoginViewController.xib */; };
		A88F3E651F1BF1EC00AE6ACC /* EPLUserPreferencesHelper.swift in Sources */ = {isa = PBXBuildFile; fileRef = A88F3E641F1BF1EC00AE6ACC /* EPLUserPreferencesHelper.swift */; };
		A88F3E671F1BF33000AE6ACC /* EPLTextField.swift in Sources */ = {isa = PBXBuildFile; fileRef = A88F3E661F1BF33000AE6ACC /* EPLTextField.swift */; };
		A88F3E691F1BF3D100AE6ACC /* EPLHelper.swift in Sources */ = {isa = PBXBuildFile; fileRef = A88F3E681F1BF3D100AE6ACC /* EPLHelper.swift */; };
		A88F3E6F1F1BF57400AE6ACC /* Localizable.strings in Resources */ = {isa = PBXBuildFile; fileRef = A88F3E711F1BF57400AE6ACC /* Localizable.strings */; };
		A88F3E751F1BFC4F00AE6ACC /* CameraViewController.swift in Sources */ = {isa = PBXBuildFile; fileRef = A88F3E731F1BFC4F00AE6ACC /* CameraViewController.swift */; };
		A88F3E761F1BFC4F00AE6ACC /* CameraViewController.xib in Resources */ = {isa = PBXBuildFile; fileRef = A88F3E741F1BFC4F00AE6ACC /* CameraViewController.xib */; };
		A88F3E7A1F1C023200AE6ACC /* Launch.xib in Resources */ = {isa = PBXBuildFile; fileRef = A88F3E791F1C023200AE6ACC /* Launch.xib */; };
		A88F3E7C1F1C036B00AE6ACC /* EPLButton.swift in Sources */ = {isa = PBXBuildFile; fileRef = A88F3E7B1F1C036B00AE6ACC /* EPLButton.swift */; };
		A8AE6CD01F76F58300D86431 /* MediaViewController.swift in Sources */ = {isa = PBXBuildFile; fileRef = A8AE6CCE1F76F58300D86431 /* MediaViewController.swift */; };
		A8AE6CD11F76F58300D86431 /* MediaViewController.xib in Resources */ = {isa = PBXBuildFile; fileRef = A8AE6CCF1F76F58300D86431 /* MediaViewController.xib */; };
		A8AE6CD51F76FD0200D86431 /* EventsPicLocation.xcdatamodeld in Sources */ = {isa = PBXBuildFile; fileRef = A8AE6CD31F76FD0200D86431 /* EventsPicLocation.xcdatamodeld */; };
		A8C0591C1F1CD42A003781D7 /* EPLLabel.swift in Sources */ = {isa = PBXBuildFile; fileRef = A8C0591B1F1CD42A003781D7 /* EPLLabel.swift */; };
		A8C059201F1E2310003781D7 /* EPLCameraHelper.swift in Sources */ = {isa = PBXBuildFile; fileRef = A8C0591F1F1E230F003781D7 /* EPLCameraHelper.swift */; };
		A8C059261F212757003781D7 /* MainViewController.swift in Sources */ = {isa = PBXBuildFile; fileRef = A8C059241F212757003781D7 /* MainViewController.swift */; };
		A8C059271F212757003781D7 /* MainViewController.xib in Resources */ = {isa = PBXBuildFile; fileRef = A8C059251F212757003781D7 /* MainViewController.xib */; };
		A8E768CF1F3A58CF00C5634E /* EPLBaseViewController.swift in Sources */ = {isa = PBXBuildFile; fileRef = A8E768CE1F3A58CF00C5634E /* EPLBaseViewController.swift */; };
		AC4788C2A487A88B4646CDDD /* Pods_EventsPicLocation.framework in Frameworks */ = {isa = PBXBuildFile; fileRef = 08B1DF9348693FAC5DE3E3C5 /* Pods_EventsPicLocation.framework */; };
		E202E3F72003C74C00B70C6D /* Media+CoreDataClass.swift in Sources */ = {isa = PBXBuildFile; fileRef = E202E3F52003C74C00B70C6D /* Media+CoreDataClass.swift */; };
		E202E3F82003C74C00B70C6D /* Media+CoreDataProperties.swift in Sources */ = {isa = PBXBuildFile; fileRef = E202E3F62003C74C00B70C6D /* Media+CoreDataProperties.swift */; };
		E202E3FB2003F32500B70C6D /* FileMediaInfo+CoreDataClass.swift in Sources */ = {isa = PBXBuildFile; fileRef = E202E3F92003F32500B70C6D /* FileMediaInfo+CoreDataClass.swift */; };
		E202E3FC2003F32500B70C6D /* FileMediaInfo+CoreDataProperties.swift in Sources */ = {isa = PBXBuildFile; fileRef = E202E3FA2003F32500B70C6D /* FileMediaInfo+CoreDataProperties.swift */; };
		E21D44B31FF3CE0D00FCFBF1 /* MediaMainViewController.swift in Sources */ = {isa = PBXBuildFile; fileRef = E21D44B21FF3CE0D00FCFBF1 /* MediaMainViewController.swift */; };
		E21D44B61FF3D0FD00FCFBF1 /* GalleryViewController.swift in Sources */ = {isa = PBXBuildFile; fileRef = E21D44B41FF3D0FD00FCFBF1 /* GalleryViewController.swift */; };
		E21D44B71FF3D0FD00FCFBF1 /* GalleryViewController.xib in Resources */ = {isa = PBXBuildFile; fileRef = E21D44B51FF3D0FD00FCFBF1 /* GalleryViewController.xib */; };
		E241B668200653C00009513B /* SyncCenter.swift in Sources */ = {isa = PBXBuildFile; fileRef = E241B667200653C00009513B /* SyncCenter.swift */; };
		E241B66D200DF0330009513B /* MediaDAO.swift in Sources */ = {isa = PBXBuildFile; fileRef = E241B66C200DF0330009513B /* MediaDAO.swift */; };
		E25566AC1F38DCC900D41755 /* .gitignore in Resources */ = {isa = PBXBuildFile; fileRef = E25566AB1F38DCC900D41755 /* .gitignore */; };
		E272FF241FFCFAE40093388B /* MediaCollectionViewCell.swift in Sources */ = {isa = PBXBuildFile; fileRef = E272FF221FFCFAE40093388B /* MediaCollectionViewCell.swift */; };
		E272FF251FFCFAE40093388B /* MediaCollectionViewCell.xib in Resources */ = {isa = PBXBuildFile; fileRef = E272FF231FFCFAE40093388B /* MediaCollectionViewCell.xib */; };
		E272FF2B1FFD59430093388B /* PhotoViewController.swift in Sources */ = {isa = PBXBuildFile; fileRef = E272FF291FFD59430093388B /* PhotoViewController.swift */; };
		E272FF2C1FFD59430093388B /* PhotoViewController.xib in Resources */ = {isa = PBXBuildFile; fileRef = E272FF2A1FFD59430093388B /* PhotoViewController.xib */; };
		E272FF321FFE61F70093388B /* UIDownPicker.m in Sources */ = {isa = PBXBuildFile; fileRef = E272FF2E1FFE61F60093388B /* UIDownPicker.m */; };
		E272FF331FFE61F70093388B /* DownPicker.m in Sources */ = {isa = PBXBuildFile; fileRef = E272FF2F1FFE61F60093388B /* DownPicker.m */; };
		E272FF351FFE8C4C0093388B /* EPLLocationHelper.swift in Sources */ = {isa = PBXBuildFile; fileRef = E272FF341FFE8C4C0093388B /* EPLLocationHelper.swift */; };
		E27465F71FA269E9002BD372 /* MediaRequestVO.swift in Sources */ = {isa = PBXBuildFile; fileRef = E27465F61FA269E9002BD372 /* MediaRequestVO.swift */; };
		E27465FA1FA26B47002BD372 /* MediaVO.swift in Sources */ = {isa = PBXBuildFile; fileRef = E27465F91FA26B47002BD372 /* MediaVO.swift */; };
		E2A4A87B1F8D426E0009F603 /* MapViewController.swift in Sources */ = {isa = PBXBuildFile; fileRef = E2A4A8791F8D426E0009F603 /* MapViewController.swift */; };
		E2A4A87C1F8D426E0009F603 /* MapViewController.xib in Resources */ = {isa = PBXBuildFile; fileRef = E2A4A87A1F8D426E0009F603 /* MapViewController.xib */; };
		E2A4A8801F8D484B0009F603 /* SettingsViewController.swift in Sources */ = {isa = PBXBuildFile; fileRef = E2A4A87E1F8D484B0009F603 /* SettingsViewController.swift */; };
		E2A4A8811F8D484B0009F603 /* SettingsViewController.xib in Resources */ = {isa = PBXBuildFile; fileRef = E2A4A87F1F8D484B0009F603 /* SettingsViewController.xib */; };
		E2A4A8921F8E88DB0009F603 /* Lottery+CoreDataClass.swift in Sources */ = {isa = PBXBuildFile; fileRef = E2A4A88A1F8E88DB0009F603 /* Lottery+CoreDataClass.swift */; };
		E2A4A8931F8E88DB0009F603 /* Lottery+CoreDataProperties.swift in Sources */ = {isa = PBXBuildFile; fileRef = E2A4A88B1F8E88DB0009F603 /* Lottery+CoreDataProperties.swift */; };
		E2A4A8941F8E88DB0009F603 /* Subject+CoreDataClass.swift in Sources */ = {isa = PBXBuildFile; fileRef = E2A4A88C1F8E88DB0009F603 /* Subject+CoreDataClass.swift */; };
		E2A4A8951F8E88DB0009F603 /* Subject+CoreDataProperties.swift in Sources */ = {isa = PBXBuildFile; fileRef = E2A4A88D1F8E88DB0009F603 /* Subject+CoreDataProperties.swift */; };
		E2A4A8961F8E88DB0009F603 /* User+CoreDataClass.swift in Sources */ = {isa = PBXBuildFile; fileRef = E2A4A88E1F8E88DB0009F603 /* User+CoreDataClass.swift */; };
		E2A4A8971F8E88DB0009F603 /* User+CoreDataProperties.swift in Sources */ = {isa = PBXBuildFile; fileRef = E2A4A88F1F8E88DB0009F603 /* User+CoreDataProperties.swift */; };
		E2A4A89C1F8E89590009F603 /* LotteryService.swift in Sources */ = {isa = PBXBuildFile; fileRef = E2A4A89B1F8E89590009F603 /* LotteryService.swift */; };
		E2A4A8A01F8E89B20009F603 /* ServiceApiUtil.swift in Sources */ = {isa = PBXBuildFile; fileRef = E2A4A89F1F8E89B20009F603 /* ServiceApiUtil.swift */; };
		E2A4A8A21F8E8DF40009F603 /* LotterryVO.swift in Sources */ = {isa = PBXBuildFile; fileRef = E2A4A8A11F8E8DF40009F603 /* LotterryVO.swift */; };
		E2A4A8A41F8E95210009F603 /* ApiService.swift in Sources */ = {isa = PBXBuildFile; fileRef = E2A4A8A31F8E95210009F603 /* ApiService.swift */; };
		E2A4A8A71F8E95AF0009F603 /* LotterySubjectListsVO.swift in Sources */ = {isa = PBXBuildFile; fileRef = E2A4A8A61F8E95AF0009F603 /* LotterySubjectListsVO.swift */; };
		E2A4A8AA1F8E96670009F603 /* SubjectVO.swift in Sources */ = {isa = PBXBuildFile; fileRef = E2A4A8A91F8E96670009F603 /* SubjectVO.swift */; };
		E2E7A2641FA8C77000E43969 /* RecoverPasswordViewController.swift in Sources */ = {isa = PBXBuildFile; fileRef = E2E7A2621FA8C77000E43969 /* RecoverPasswordViewController.swift */; };
		E2E7A2651FA8C77000E43969 /* RecoverPasswordViewController.xib in Resources */ = {isa = PBXBuildFile; fileRef = E2E7A2631FA8C77000E43969 /* RecoverPasswordViewController.xib */; };
/* End PBXBuildFile section */

/* Begin PBXFileReference section */
		08B1DF9348693FAC5DE3E3C5 /* Pods_EventsPicLocation.framework */ = {isa = PBXFileReference; explicitFileType = wrapper.framework; includeInIndex = 0; path = Pods_EventsPicLocation.framework; sourceTree = BUILT_PRODUCTS_DIR; };
		758510C4447AE44D570D1422 /* Pods-EventsPicLocation.debug.xcconfig */ = {isa = PBXFileReference; includeInIndex = 1; lastKnownFileType = text.xcconfig; name = "Pods-EventsPicLocation.debug.xcconfig"; path = "Pods/Target Support Files/Pods-EventsPicLocation/Pods-EventsPicLocation.debug.xcconfig"; sourceTree = "<group>"; };
		A88F3E491F1BF13100AE6ACC /* EventsPicLocation.app */ = {isa = PBXFileReference; explicitFileType = wrapper.application; includeInIndex = 0; path = EventsPicLocation.app; sourceTree = BUILT_PRODUCTS_DIR; };
		A88F3E4C1F1BF13100AE6ACC /* AppDelegate.swift */ = {isa = PBXFileReference; lastKnownFileType = sourcecode.swift; path = AppDelegate.swift; sourceTree = "<group>"; };
		A88F3E531F1BF13100AE6ACC /* Assets.xcassets */ = {isa = PBXFileReference; lastKnownFileType = folder.assetcatalog; path = Assets.xcassets; sourceTree = "<group>"; };
		A88F3E581F1BF13100AE6ACC /* Info.plist */ = {isa = PBXFileReference; lastKnownFileType = text.plist.xml; path = Info.plist; sourceTree = "<group>"; };
		A88F3E5F1F1BF19000AE6ACC /* LoginViewController.swift */ = {isa = PBXFileReference; fileEncoding = 4; lastKnownFileType = sourcecode.swift; name = LoginViewController.swift; path = ViewControllers/LoginViewController.swift; sourceTree = "<group>"; };
		A88F3E601F1BF19000AE6ACC /* LoginViewController.xib */ = {isa = PBXFileReference; fileEncoding = 4; lastKnownFileType = file.xib; name = LoginViewController.xib; path = ViewControllers/LoginViewController.xib; sourceTree = "<group>"; };
		A88F3E641F1BF1EC00AE6ACC /* EPLUserPreferencesHelper.swift */ = {isa = PBXFileReference; fileEncoding = 4; lastKnownFileType = sourcecode.swift; name = EPLUserPreferencesHelper.swift; path = Common/EPLUserPreferencesHelper.swift; sourceTree = "<group>"; };
		A88F3E661F1BF33000AE6ACC /* EPLTextField.swift */ = {isa = PBXFileReference; fileEncoding = 4; lastKnownFileType = sourcecode.swift; name = EPLTextField.swift; path = Common/EPLTextField.swift; sourceTree = "<group>"; };
		A88F3E681F1BF3D100AE6ACC /* EPLHelper.swift */ = {isa = PBXFileReference; fileEncoding = 4; lastKnownFileType = sourcecode.swift; name = EPLHelper.swift; path = Common/EPLHelper.swift; sourceTree = "<group>"; };
		A88F3E701F1BF57400AE6ACC /* Base */ = {isa = PBXFileReference; lastKnownFileType = text.plist.strings; name = Base; path = Base.lproj/Localizable.strings; sourceTree = "<group>"; };
		A88F3E731F1BFC4F00AE6ACC /* CameraViewController.swift */ = {isa = PBXFileReference; fileEncoding = 4; lastKnownFileType = sourcecode.swift; name = CameraViewController.swift; path = ViewControllers/CameraViewController.swift; sourceTree = "<group>"; };
		A88F3E741F1BFC4F00AE6ACC /* CameraViewController.xib */ = {isa = PBXFileReference; fileEncoding = 4; lastKnownFileType = file.xib; name = CameraViewController.xib; path = ViewControllers/CameraViewController.xib; sourceTree = "<group>"; };
		A88F3E791F1C023200AE6ACC /* Launch.xib */ = {isa = PBXFileReference; fileEncoding = 4; lastKnownFileType = file.xib; path = Launch.xib; sourceTree = "<group>"; };
		A88F3E7B1F1C036B00AE6ACC /* EPLButton.swift */ = {isa = PBXFileReference; fileEncoding = 4; lastKnownFileType = sourcecode.swift; name = EPLButton.swift; path = Common/EPLButton.swift; sourceTree = "<group>"; };
		A8AE6CCE1F76F58300D86431 /* MediaViewController.swift */ = {isa = PBXFileReference; fileEncoding = 4; lastKnownFileType = sourcecode.swift; name = MediaViewController.swift; path = ViewControllers/MediaViewController.swift; sourceTree = "<group>"; };
		A8AE6CCF1F76F58300D86431 /* MediaViewController.xib */ = {isa = PBXFileReference; fileEncoding = 4; lastKnownFileType = file.xib; name = MediaViewController.xib; path = ViewControllers/MediaViewController.xib; sourceTree = "<group>"; };
		A8AE6CD41F76FD0200D86431 /* EventsPicLocationModel.xcdatamodel */ = {isa = PBXFileReference; lastKnownFileType = wrapper.xcdatamodel; path = EventsPicLocationModel.xcdatamodel; sourceTree = "<group>"; };
		A8B13BF01F1C454200326AF4 /* EventsPicLocation-Bridging-Header.h */ = {isa = PBXFileReference; lastKnownFileType = sourcecode.c.h; path = "EventsPicLocation-Bridging-Header.h"; sourceTree = "<group>"; };
		A8C0591B1F1CD42A003781D7 /* EPLLabel.swift */ = {isa = PBXFileReference; fileEncoding = 4; lastKnownFileType = sourcecode.swift; name = EPLLabel.swift; path = Common/EPLLabel.swift; sourceTree = "<group>"; };
		A8C0591F1F1E230F003781D7 /* EPLCameraHelper.swift */ = {isa = PBXFileReference; fileEncoding = 4; lastKnownFileType = sourcecode.swift; name = EPLCameraHelper.swift; path = Common/EPLCameraHelper.swift; sourceTree = "<group>"; };
		A8C059241F212757003781D7 /* MainViewController.swift */ = {isa = PBXFileReference; fileEncoding = 4; lastKnownFileType = sourcecode.swift; name = MainViewController.swift; path = ViewControllers/MainViewController.swift; sourceTree = "<group>"; };
		A8C059251F212757003781D7 /* MainViewController.xib */ = {isa = PBXFileReference; fileEncoding = 4; lastKnownFileType = file.xib; name = MainViewController.xib; path = ViewControllers/MainViewController.xib; sourceTree = "<group>"; };
		A8E768CE1F3A58CF00C5634E /* EPLBaseViewController.swift */ = {isa = PBXFileReference; fileEncoding = 4; lastKnownFileType = sourcecode.swift; name = EPLBaseViewController.swift; path = Common/EPLBaseViewController.swift; sourceTree = "<group>"; };
		DA85193ABA5D7FB28942AC56 /* Pods-EventsPicLocation.release.xcconfig */ = {isa = PBXFileReference; includeInIndex = 1; lastKnownFileType = text.xcconfig; name = "Pods-EventsPicLocation.release.xcconfig"; path = "Pods/Target Support Files/Pods-EventsPicLocation/Pods-EventsPicLocation.release.xcconfig"; sourceTree = "<group>"; };
		E202E3F52003C74C00B70C6D /* Media+CoreDataClass.swift */ = {isa = PBXFileReference; lastKnownFileType = sourcecode.swift; name = "Media+CoreDataClass.swift"; path = "Model/Media+CoreDataClass.swift"; sourceTree = "<group>"; };
		E202E3F62003C74C00B70C6D /* Media+CoreDataProperties.swift */ = {isa = PBXFileReference; lastKnownFileType = sourcecode.swift; name = "Media+CoreDataProperties.swift"; path = "Model/Media+CoreDataProperties.swift"; sourceTree = "<group>"; };
		E202E3F92003F32500B70C6D /* FileMediaInfo+CoreDataClass.swift */ = {isa = PBXFileReference; lastKnownFileType = sourcecode.swift; name = "FileMediaInfo+CoreDataClass.swift"; path = "Model/FileMediaInfo+CoreDataClass.swift"; sourceTree = "<group>"; };
		E202E3FA2003F32500B70C6D /* FileMediaInfo+CoreDataProperties.swift */ = {isa = PBXFileReference; lastKnownFileType = sourcecode.swift; name = "FileMediaInfo+CoreDataProperties.swift"; path = "Model/FileMediaInfo+CoreDataProperties.swift"; sourceTree = "<group>"; };
		E21D44B21FF3CE0D00FCFBF1 /* MediaMainViewController.swift */ = {isa = PBXFileReference; lastKnownFileType = sourcecode.swift; name = MediaMainViewController.swift; path = ViewControllers/MediaMainViewController.swift; sourceTree = "<group>"; };
		E21D44B41FF3D0FD00FCFBF1 /* GalleryViewController.swift */ = {isa = PBXFileReference; lastKnownFileType = sourcecode.swift; name = GalleryViewController.swift; path = ViewControllers/GalleryViewController.swift; sourceTree = "<group>"; };
		E21D44B51FF3D0FD00FCFBF1 /* GalleryViewController.xib */ = {isa = PBXFileReference; lastKnownFileType = file.xib; name = GalleryViewController.xib; path = ViewControllers/GalleryViewController.xib; sourceTree = "<group>"; };
		E241B667200653C00009513B /* SyncCenter.swift */ = {isa = PBXFileReference; lastKnownFileType = sourcecode.swift; name = SyncCenter.swift; path = ServiceApi/SyncCenter.swift; sourceTree = "<group>"; };
		E241B66C200DF0330009513B /* MediaDAO.swift */ = {isa = PBXFileReference; lastKnownFileType = sourcecode.swift; name = MediaDAO.swift; path = DAO/MediaDAO.swift; sourceTree = "<group>"; };
		E25566AB1F38DCC900D41755 /* .gitignore */ = {isa = PBXFileReference; fileEncoding = 4; lastKnownFileType = text; path = .gitignore; sourceTree = "<group>"; };
		E272FF221FFCFAE40093388B /* MediaCollectionViewCell.swift */ = {isa = PBXFileReference; lastKnownFileType = sourcecode.swift; name = MediaCollectionViewCell.swift; path = ViewControllers/MediaCollectionViewCell.swift; sourceTree = "<group>"; };
		E272FF231FFCFAE40093388B /* MediaCollectionViewCell.xib */ = {isa = PBXFileReference; lastKnownFileType = file.xib; name = MediaCollectionViewCell.xib; path = ViewControllers/MediaCollectionViewCell.xib; sourceTree = "<group>"; };
		E272FF291FFD59430093388B /* PhotoViewController.swift */ = {isa = PBXFileReference; lastKnownFileType = sourcecode.swift; name = PhotoViewController.swift; path = ViewControllers/PhotoViewController.swift; sourceTree = "<group>"; };
		E272FF2A1FFD59430093388B /* PhotoViewController.xib */ = {isa = PBXFileReference; lastKnownFileType = file.xib; name = PhotoViewController.xib; path = ViewControllers/PhotoViewController.xib; sourceTree = "<group>"; };
		E272FF2E1FFE61F60093388B /* UIDownPicker.m */ = {isa = PBXFileReference; fileEncoding = 4; lastKnownFileType = sourcecode.c.objc; path = UIDownPicker.m; sourceTree = "<group>"; };
		E272FF2F1FFE61F60093388B /* DownPicker.m */ = {isa = PBXFileReference; fileEncoding = 4; lastKnownFileType = sourcecode.c.objc; path = DownPicker.m; sourceTree = "<group>"; };
		E272FF301FFE61F70093388B /* UIDownPicker.h */ = {isa = PBXFileReference; fileEncoding = 4; lastKnownFileType = sourcecode.c.h; path = UIDownPicker.h; sourceTree = "<group>"; };
		E272FF311FFE61F70093388B /* DownPicker.h */ = {isa = PBXFileReference; fileEncoding = 4; lastKnownFileType = sourcecode.c.h; path = DownPicker.h; sourceTree = "<group>"; };
		E272FF341FFE8C4C0093388B /* EPLLocationHelper.swift */ = {isa = PBXFileReference; lastKnownFileType = sourcecode.swift; name = EPLLocationHelper.swift; path = Common/EPLLocationHelper.swift; sourceTree = "<group>"; };
		E27465F61FA269E9002BD372 /* MediaRequestVO.swift */ = {isa = PBXFileReference; lastKnownFileType = sourcecode.swift; path = MediaRequestVO.swift; sourceTree = "<group>"; };
		E27465F91FA26B47002BD372 /* MediaVO.swift */ = {isa = PBXFileReference; lastKnownFileType = sourcecode.swift; path = MediaVO.swift; sourceTree = "<group>"; };
		E2A4A8791F8D426E0009F603 /* MapViewController.swift */ = {isa = PBXFileReference; lastKnownFileType = sourcecode.swift; name = MapViewController.swift; path = ViewControllers/MapViewController.swift; sourceTree = "<group>"; };
		E2A4A87A1F8D426E0009F603 /* MapViewController.xib */ = {isa = PBXFileReference; lastKnownFileType = file.xib; name = MapViewController.xib; path = ViewControllers/MapViewController.xib; sourceTree = "<group>"; };
		E2A4A87E1F8D484B0009F603 /* SettingsViewController.swift */ = {isa = PBXFileReference; lastKnownFileType = sourcecode.swift; name = SettingsViewController.swift; path = ViewControllers/SettingsViewController.swift; sourceTree = "<group>"; };
		E2A4A87F1F8D484B0009F603 /* SettingsViewController.xib */ = {isa = PBXFileReference; lastKnownFileType = file.xib; name = SettingsViewController.xib; path = ViewControllers/SettingsViewController.xib; sourceTree = "<group>"; };
		E2A4A88A1F8E88DB0009F603 /* Lottery+CoreDataClass.swift */ = {isa = PBXFileReference; lastKnownFileType = sourcecode.swift; path = "Lottery+CoreDataClass.swift"; sourceTree = "<group>"; };
		E2A4A88B1F8E88DB0009F603 /* Lottery+CoreDataProperties.swift */ = {isa = PBXFileReference; lastKnownFileType = sourcecode.swift; path = "Lottery+CoreDataProperties.swift"; sourceTree = "<group>"; };
		E2A4A88C1F8E88DB0009F603 /* Subject+CoreDataClass.swift */ = {isa = PBXFileReference; lastKnownFileType = sourcecode.swift; path = "Subject+CoreDataClass.swift"; sourceTree = "<group>"; };
		E2A4A88D1F8E88DB0009F603 /* Subject+CoreDataProperties.swift */ = {isa = PBXFileReference; lastKnownFileType = sourcecode.swift; path = "Subject+CoreDataProperties.swift"; sourceTree = "<group>"; };
		E2A4A88E1F8E88DB0009F603 /* User+CoreDataClass.swift */ = {isa = PBXFileReference; lastKnownFileType = sourcecode.swift; path = "User+CoreDataClass.swift"; sourceTree = "<group>"; };
		E2A4A88F1F8E88DB0009F603 /* User+CoreDataProperties.swift */ = {isa = PBXFileReference; lastKnownFileType = sourcecode.swift; path = "User+CoreDataProperties.swift"; sourceTree = "<group>"; };
		E2A4A89B1F8E89590009F603 /* LotteryService.swift */ = {isa = PBXFileReference; lastKnownFileType = sourcecode.swift; path = LotteryService.swift; sourceTree = "<group>"; };
		E2A4A89F1F8E89B20009F603 /* ServiceApiUtil.swift */ = {isa = PBXFileReference; lastKnownFileType = sourcecode.swift; path = ServiceApiUtil.swift; sourceTree = "<group>"; };
		E2A4A8A11F8E8DF40009F603 /* LotterryVO.swift */ = {isa = PBXFileReference; lastKnownFileType = sourcecode.swift; name = LotterryVO.swift; path = ServiceApi/LotterryVO.swift; sourceTree = "<group>"; };
		E2A4A8A31F8E95210009F603 /* ApiService.swift */ = {isa = PBXFileReference; lastKnownFileType = sourcecode.swift; name = ApiService.swift; path = ServiceApi/ApiService.swift; sourceTree = "<group>"; };
		E2A4A8A61F8E95AF0009F603 /* LotterySubjectListsVO.swift */ = {isa = PBXFileReference; lastKnownFileType = sourcecode.swift; name = LotterySubjectListsVO.swift; path = ServiceApi/LotterySubjectListsVO.swift; sourceTree = "<group>"; };
		E2A4A8A91F8E96670009F603 /* SubjectVO.swift */ = {isa = PBXFileReference; lastKnownFileType = sourcecode.swift; name = SubjectVO.swift; path = ServiceApi/SubjectVO.swift; sourceTree = "<group>"; };
		E2E7A2621FA8C77000E43969 /* RecoverPasswordViewController.swift */ = {isa = PBXFileReference; lastKnownFileType = sourcecode.swift; name = RecoverPasswordViewController.swift; path = ViewControllers/RecoverPasswordViewController.swift; sourceTree = "<group>"; };
		E2E7A2631FA8C77000E43969 /* RecoverPasswordViewController.xib */ = {isa = PBXFileReference; lastKnownFileType = file.xib; name = RecoverPasswordViewController.xib; path = ViewControllers/RecoverPasswordViewController.xib; sourceTree = "<group>"; };
/* End PBXFileReference section */

/* Begin PBXFrameworksBuildPhase section */
		A88F3E461F1BF13100AE6ACC /* Frameworks */ = {
			isa = PBXFrameworksBuildPhase;
			buildActionMask = 2147483647;
			files = (
				AC4788C2A487A88B4646CDDD /* Pods_EventsPicLocation.framework in Frameworks */,
			);
			runOnlyForDeploymentPostprocessing = 0;
		};
/* End PBXFrameworksBuildPhase section */

/* Begin PBXGroup section */
		5DD1D2932A15FF30AA690572 /* Pods */ = {
			isa = PBXGroup;
			children = (
				758510C4447AE44D570D1422 /* Pods-EventsPicLocation.debug.xcconfig */,
				DA85193ABA5D7FB28942AC56 /* Pods-EventsPicLocation.release.xcconfig */,
			);
			name = Pods;
			sourceTree = "<group>";
		};
		9957B53B7C7CC4D247320696 /* Frameworks */ = {
			isa = PBXGroup;
			children = (
				08B1DF9348693FAC5DE3E3C5 /* Pods_EventsPicLocation.framework */,
			);
			name = Frameworks;
			sourceTree = "<group>";
		};
		A8482BA21F770712001D8107 /* User */ = {
			isa = PBXGroup;
			children = (
				E2A4A88E1F8E88DB0009F603 /* User+CoreDataClass.swift */,
				E2A4A88F1F8E88DB0009F603 /* User+CoreDataProperties.swift */,
			);
			name = User;
			sourceTree = "<group>";
		};
		A88F3E401F1BF13100AE6ACC = {
			isa = PBXGroup;
			children = (
				E25566AB1F38DCC900D41755 /* .gitignore */,
				A88F3E4B1F1BF13100AE6ACC /* EventsPicLocation */,
				A88F3E4A1F1BF13100AE6ACC /* Products */,
				5DD1D2932A15FF30AA690572 /* Pods */,
				9957B53B7C7CC4D247320696 /* Frameworks */,
			);
			sourceTree = "<group>";
		};
		A88F3E4A1F1BF13100AE6ACC /* Products */ = {
			isa = PBXGroup;
			children = (
				A88F3E491F1BF13100AE6ACC /* EventsPicLocation.app */,
			);
			name = Products;
			sourceTree = "<group>";
		};
		A88F3E4B1F1BF13100AE6ACC /* EventsPicLocation */ = {
			isa = PBXGroup;
			children = (
				E241B66B200DEFF20009513B /* DAO */,
				A8AE6CD61F76FE8200D86431 /* Model */,
				A8AE6CD21F76FB2300D86431 /* ServiceApi */,
				E2A4A89F1F8E89B20009F603 /* ServiceApiUtil.swift */,
				A88F3E631F1BF1A500AE6ACC /* Common */,
				A88F3E5E1F1BF17400AE6ACC /* ViewControllers */,
				A88F3E4C1F1BF13100AE6ACC /* AppDelegate.swift */,
				A88F3E531F1BF13100AE6ACC /* Assets.xcassets */,
				A88F3E581F1BF13100AE6ACC /* Info.plist */,
				A88F3E711F1BF57400AE6ACC /* Localizable.strings */,
				A88F3E791F1C023200AE6ACC /* Launch.xib */,
				A8B13BF01F1C454200326AF4 /* EventsPicLocation-Bridging-Header.h */,
				A8AE6CD31F76FD0200D86431 /* EventsPicLocation.xcdatamodeld */,
			);
			path = EventsPicLocation;
			sourceTree = "<group>";
		};
		A88F3E5E1F1BF17400AE6ACC /* ViewControllers */ = {
			isa = PBXGroup;
			children = (
				E2A4A87D1F8D48350009F603 /* SettingsViewController */,
				E2A4A8781F8D41F40009F603 /* MapViewController */,
				A8AE6CCD1F76F53100D86431 /* MediaViewController */,
				A8C059231F21273B003781D7 /* MainViewController */,
				A8C0591D1F1CDB0F003781D7 /* LoginViewController */,
				A8C0591E1F1CDB1C003781D7 /* CameraViewController */,
			);
			name = ViewControllers;
			sourceTree = "<group>";
		};
		A88F3E631F1BF1A500AE6ACC /* Common */ = {
			isa = PBXGroup;
			children = (
				A8C059221F1E239B003781D7 /* Components */,
				A8C059211F1E2371003781D7 /* Helpers */,
			);
			name = Common;
			sourceTree = "<group>";
		};
		A8AE6CCD1F76F53100D86431 /* MediaViewController */ = {
			isa = PBXGroup;
			children = (
				E272FF281FFD59230093388B /* PhotoViewController */,
				E272FF261FFD58CE0093388B /* GalleryViewController */,
				A8AE6CCE1F76F58300D86431 /* MediaViewController.swift */,
				A8AE6CCF1F76F58300D86431 /* MediaViewController.xib */,
				E21D44B21FF3CE0D00FCFBF1 /* MediaMainViewController.swift */,
			);
			name = MediaViewController;
			sourceTree = "<group>";
		};
		A8AE6CD21F76FB2300D86431 /* ServiceApi */ = {
			isa = PBXGroup;
			children = (
				E241B6662006539D0009513B /* SyncCenter */,
				E27465F81FA26B31002BD372 /* Media */,
				E2A4A8A81F8E96540009F603 /* Subject */,
				E2A4A8A51F8E955C0009F603 /* ApiService */,
				E2A4A89A1F8E89310009F603 /* Lottery */,
			);
			name = ServiceApi;
			sourceTree = "<group>";
		};
		A8AE6CD61F76FE8200D86431 /* Model */ = {
			isa = PBXGroup;
			children = (
				A8482BA21F770712001D8107 /* User */,
				A8AE6D301F7703A200D86431 /* Media */,
				E272FF3E2003ACE20093388B /* FileMediaInfo */,
				A8AE6D2F1F77039000D86431 /* Lottery */,
				A8AE6D2E1F77037400D86431 /* Subject */,
			);
			name = Model;
			sourceTree = "<group>";
		};
		A8AE6D2E1F77037400D86431 /* Subject */ = {
			isa = PBXGroup;
			children = (
				E2A4A88C1F8E88DB0009F603 /* Subject+CoreDataClass.swift */,
				E2A4A88D1F8E88DB0009F603 /* Subject+CoreDataProperties.swift */,
			);
			name = Subject;
			sourceTree = "<group>";
		};
		A8AE6D2F1F77039000D86431 /* Lottery */ = {
			isa = PBXGroup;
			children = (
				E2A4A88A1F8E88DB0009F603 /* Lottery+CoreDataClass.swift */,
				E2A4A88B1F8E88DB0009F603 /* Lottery+CoreDataProperties.swift */,
			);
			name = Lottery;
			sourceTree = "<group>";
		};
		A8AE6D301F7703A200D86431 /* Media */ = {
			isa = PBXGroup;
			children = (
				E202E3F52003C74C00B70C6D /* Media+CoreDataClass.swift */,
				E202E3F62003C74C00B70C6D /* Media+CoreDataProperties.swift */,
			);
			name = Media;
			sourceTree = "<group>";
		};
		A8C0591D1F1CDB0F003781D7 /* LoginViewController */ = {
			isa = PBXGroup;
			children = (
				E2E7A25F1FA8C73000E43969 /* RecoverPassword */,
				A88F3E5F1F1BF19000AE6ACC /* LoginViewController.swift */,
				A88F3E601F1BF19000AE6ACC /* LoginViewController.xib */,
			);
			name = LoginViewController;
			sourceTree = "<group>";
		};
		A8C0591E1F1CDB1C003781D7 /* CameraViewController */ = {
			isa = PBXGroup;
			children = (
				A88F3E731F1BFC4F00AE6ACC /* CameraViewController.swift */,
				A88F3E741F1BFC4F00AE6ACC /* CameraViewController.xib */,
			);
			name = CameraViewController;
			sourceTree = "<group>";
		};
		A8C059211F1E2371003781D7 /* Helpers */ = {
			isa = PBXGroup;
			children = (
				A88F3E681F1BF3D100AE6ACC /* EPLHelper.swift */,
				A88F3E641F1BF1EC00AE6ACC /* EPLUserPreferencesHelper.swift */,
				A8C0591F1F1E230F003781D7 /* EPLCameraHelper.swift */,
				E272FF341FFE8C4C0093388B /* EPLLocationHelper.swift */,
			);
			name = Helpers;
			sourceTree = "<group>";
		};
		A8C059221F1E239B003781D7 /* Components */ = {
			isa = PBXGroup;
			children = (
				E272FF2D1FFE61E20093388B /* DownPicker */,
				A88F3E661F1BF33000AE6ACC /* EPLTextField.swift */,
				A88F3E7B1F1C036B00AE6ACC /* EPLButton.swift */,
				A8C0591B1F1CD42A003781D7 /* EPLLabel.swift */,
				A8E768CE1F3A58CF00C5634E /* EPLBaseViewController.swift */,
			);
			name = Components;
			sourceTree = "<group>";
		};
		A8C059231F21273B003781D7 /* MainViewController */ = {
			isa = PBXGroup;
			children = (
				A8C059241F212757003781D7 /* MainViewController.swift */,
				A8C059251F212757003781D7 /* MainViewController.xib */,
			);
			name = MainViewController;
			sourceTree = "<group>";
		};
		E241B6662006539D0009513B /* SyncCenter */ = {
			isa = PBXGroup;
			children = (
				E241B667200653C00009513B /* SyncCenter.swift */,
			);
			name = SyncCenter;
			sourceTree = "<group>";
		};
		E241B66B200DEFF20009513B /* DAO */ = {
			isa = PBXGroup;
			children = (
				E241B66C200DF0330009513B /* MediaDAO.swift */,
			);
			name = DAO;
			sourceTree = "<group>";
		};
		E272FF261FFD58CE0093388B /* GalleryViewController */ = {
			isa = PBXGroup;
			children = (
				E272FF271FFD58F50093388B /* MediaCollectionViewCell */,
				E21D44B41FF3D0FD00FCFBF1 /* GalleryViewController.swift */,
				E21D44B51FF3D0FD00FCFBF1 /* GalleryViewController.xib */,
			);
			name = GalleryViewController;
			sourceTree = "<group>";
		};
		E272FF271FFD58F50093388B /* MediaCollectionViewCell */ = {
			isa = PBXGroup;
			children = (
				E272FF221FFCFAE40093388B /* MediaCollectionViewCell.swift */,
				E272FF231FFCFAE40093388B /* MediaCollectionViewCell.xib */,
			);
			name = MediaCollectionViewCell;
			sourceTree = "<group>";
		};
		E272FF281FFD59230093388B /* PhotoViewController */ = {
			isa = PBXGroup;
			children = (
				E272FF291FFD59430093388B /* PhotoViewController.swift */,
				E272FF2A1FFD59430093388B /* PhotoViewController.xib */,
			);
			name = PhotoViewController;
			sourceTree = "<group>";
		};
		E272FF2D1FFE61E20093388B /* DownPicker */ = {
			isa = PBXGroup;
			children = (
				E272FF311FFE61F70093388B /* DownPicker.h */,
				E272FF2F1FFE61F60093388B /* DownPicker.m */,
				E272FF301FFE61F70093388B /* UIDownPicker.h */,
				E272FF2E1FFE61F60093388B /* UIDownPicker.m */,
			);
			name = DownPicker;
			sourceTree = "<group>";
		};
		E272FF3E2003ACE20093388B /* FileMediaInfo */ = {
			isa = PBXGroup;
			children = (
				E202E3F92003F32500B70C6D /* FileMediaInfo+CoreDataClass.swift */,
				E202E3FA2003F32500B70C6D /* FileMediaInfo+CoreDataProperties.swift */,
			);
			name = FileMediaInfo;
			sourceTree = "<group>";
		};
		E27465F81FA26B31002BD372 /* Media */ = {
			isa = PBXGroup;
			children = (
				E27465F61FA269E9002BD372 /* MediaRequestVO.swift */,
				E27465F91FA26B47002BD372 /* MediaVO.swift */,
			);
			name = Media;
			sourceTree = "<group>";
		};
		E2A4A8781F8D41F40009F603 /* MapViewController */ = {
			isa = PBXGroup;
			children = (
				E2A4A8791F8D426E0009F603 /* MapViewController.swift */,
				E2A4A87A1F8D426E0009F603 /* MapViewController.xib */,
			);
			name = MapViewController;
			sourceTree = "<group>";
		};
		E2A4A87D1F8D48350009F603 /* SettingsViewController */ = {
			isa = PBXGroup;
			children = (
				E2A4A87E1F8D484B0009F603 /* SettingsViewController.swift */,
				E2A4A87F1F8D484B0009F603 /* SettingsViewController.xib */,
			);
			name = SettingsViewController;
			sourceTree = "<group>";
		};
		E2A4A89A1F8E89310009F603 /* Lottery */ = {
			isa = PBXGroup;
			children = (
				E2A4A89B1F8E89590009F603 /* LotteryService.swift */,
				E2A4A8A11F8E8DF40009F603 /* LotterryVO.swift */,
			);
			name = Lottery;
			sourceTree = "<group>";
		};
		E2A4A8A51F8E955C0009F603 /* ApiService */ = {
			isa = PBXGroup;
			children = (
				E2A4A8A31F8E95210009F603 /* ApiService.swift */,
				E2A4A8A61F8E95AF0009F603 /* LotterySubjectListsVO.swift */,
			);
			name = ApiService;
			sourceTree = "<group>";
		};
		E2A4A8A81F8E96540009F603 /* Subject */ = {
			isa = PBXGroup;
			children = (
				E2A4A8A91F8E96670009F603 /* SubjectVO.swift */,
			);
			name = Subject;
			sourceTree = "<group>";
		};
		E2E7A25F1FA8C73000E43969 /* RecoverPassword */ = {
			isa = PBXGroup;
			children = (
				E2E7A2621FA8C77000E43969 /* RecoverPasswordViewController.swift */,
				E2E7A2631FA8C77000E43969 /* RecoverPasswordViewController.xib */,
			);
			name = RecoverPassword;
			sourceTree = "<group>";
		};
/* End PBXGroup section */

/* Begin PBXNativeTarget section */
		A88F3E481F1BF13100AE6ACC /* EventsPicLocation */ = {
			isa = PBXNativeTarget;
			buildConfigurationList = A88F3E5B1F1BF13100AE6ACC /* Build configuration list for PBXNativeTarget "EventsPicLocation" */;
			buildPhases = (
				5AA245E366495ACDE6099A90 /* [CP] Check Pods Manifest.lock */,
				A88F3E451F1BF13100AE6ACC /* Sources */,
				A88F3E461F1BF13100AE6ACC /* Frameworks */,
				A88F3E471F1BF13100AE6ACC /* Resources */,
				F7BDAAB693C5E0DFDC1CD870 /* [CP] Embed Pods Frameworks */,
				937C259BBD52D04CC83C671F /* [CP] Copy Pods Resources */,
				E241B673200FF7010009513B /* ShellScript */,
			);
			buildRules = (
			);
			dependencies = (
			);
			name = EventsPicLocation;
			productName = EventsPicLocation;
			productReference = A88F3E491F1BF13100AE6ACC /* EventsPicLocation.app */;
			productType = "com.apple.product-type.application";
		};
/* End PBXNativeTarget section */

/* Begin PBXProject section */
		A88F3E411F1BF13100AE6ACC /* Project object */ = {
			isa = PBXProject;
			attributes = {
				LastSwiftUpdateCheck = 0830;
				LastUpgradeCheck = 0830;
				ORGANIZATIONNAME = "Pernambuco da Sorte";
				TargetAttributes = {
					A88F3E481F1BF13100AE6ACC = {
						CreatedOnToolsVersion = 8.3.3;
						DevelopmentTeam = WV4Z8MU649;
						LastSwiftMigration = 0830;
						ProvisioningStyle = Automatic;
					};
				};
			};
			buildConfigurationList = A88F3E441F1BF13100AE6ACC /* Build configuration list for PBXProject "EventsPicLocation" */;
			compatibilityVersion = "Xcode 3.2";
			developmentRegion = English;
			hasScannedForEncodings = 0;
			knownRegions = (
				Base,
			);
			mainGroup = A88F3E401F1BF13100AE6ACC;
			productRefGroup = A88F3E4A1F1BF13100AE6ACC /* Products */;
			projectDirPath = "";
			projectRoot = "";
			targets = (
				A88F3E481F1BF13100AE6ACC /* EventsPicLocation */,
			);
		};
/* End PBXProject section */

/* Begin PBXResourcesBuildPhase section */
		A88F3E471F1BF13100AE6ACC /* Resources */ = {
			isa = PBXResourcesBuildPhase;
			buildActionMask = 2147483647;
			files = (
				E25566AC1F38DCC900D41755 /* .gitignore in Resources */,
				E21D44B71FF3D0FD00FCFBF1 /* GalleryViewController.xib in Resources */,
				A88F3E541F1BF13100AE6ACC /* Assets.xcassets in Resources */,
				E2A4A87C1F8D426E0009F603 /* MapViewController.xib in Resources */,
				E272FF251FFCFAE40093388B /* MediaCollectionViewCell.xib in Resources */,
				A8C059271F212757003781D7 /* MainViewController.xib in Resources */,
				A88F3E761F1BFC4F00AE6ACC /* CameraViewController.xib in Resources */,
				E2E7A2651FA8C77000E43969 /* RecoverPasswordViewController.xib in Resources */,
				A88F3E6F1F1BF57400AE6ACC /* Localizable.strings in Resources */,
				E272FF2C1FFD59430093388B /* PhotoViewController.xib in Resources */,
				A8AE6CD11F76F58300D86431 /* MediaViewController.xib in Resources */,
				A88F3E621F1BF19000AE6ACC /* LoginViewController.xib in Resources */,
				A88F3E7A1F1C023200AE6ACC /* Launch.xib in Resources */,
				E2A4A8811F8D484B0009F603 /* SettingsViewController.xib in Resources */,
			);
			runOnlyForDeploymentPostprocessing = 0;
		};
/* End PBXResourcesBuildPhase section */

/* Begin PBXShellScriptBuildPhase section */
		5AA245E366495ACDE6099A90 /* [CP] Check Pods Manifest.lock */ = {
			isa = PBXShellScriptBuildPhase;
			buildActionMask = 2147483647;
			files = (
			);
			inputPaths = (
				"${PODS_PODFILE_DIR_PATH}/Podfile.lock",
				"${PODS_ROOT}/Manifest.lock",
			);
			name = "[CP] Check Pods Manifest.lock";
			outputPaths = (
				"$(DERIVED_FILE_DIR)/Pods-EventsPicLocation-checkManifestLockResult.txt",
			);
			runOnlyForDeploymentPostprocessing = 0;
			shellPath = /bin/sh;
			shellScript = "diff \"${PODS_PODFILE_DIR_PATH}/Podfile.lock\" \"${PODS_ROOT}/Manifest.lock\" > /dev/null\nif [ $? != 0 ] ; then\n    # print error to STDERR\n    echo \"error: The sandbox is not in sync with the Podfile.lock. Run 'pod install' or update your CocoaPods installation.\" >&2\n    exit 1\nfi\n# This output is used by Xcode 'outputs' to avoid re-running this script phase.\necho \"SUCCESS\" > \"${SCRIPT_OUTPUT_FILE_0}\"\n";
			showEnvVarsInLog = 0;
		};
		937C259BBD52D04CC83C671F /* [CP] Copy Pods Resources */ = {
			isa = PBXShellScriptBuildPhase;
			buildActionMask = 2147483647;
			files = (
			);
			inputPaths = (
				"${SRCROOT}/Pods/Target Support Files/Pods-EventsPicLocation/Pods-EventsPicLocation-resources.sh",
				"${PODS_ROOT}/GoogleMaps/Maps/Frameworks/GoogleMaps.framework/Resources/GoogleMaps.bundle",
			);
			name = "[CP] Copy Pods Resources";
			outputPaths = (
				"${TARGET_BUILD_DIR}/${UNLOCALIZED_RESOURCES_FOLDER_PATH}/GoogleMaps.bundle",
			);
			runOnlyForDeploymentPostprocessing = 0;
			shellPath = /bin/sh;
			shellScript = "\"${SRCROOT}/Pods/Target Support Files/Pods-EventsPicLocation/Pods-EventsPicLocation-resources.sh\"\n";
			showEnvVarsInLog = 0;
		};
		E241B673200FF7010009513B /* ShellScript */ = {
			isa = PBXShellScriptBuildPhase;
			buildActionMask = 2147483647;
			files = (
			);
			inputPaths = (
			);
			outputPaths = (
			);
			runOnlyForDeploymentPostprocessing = 0;
			shellPath = /bin/sh;
			shellScript = "FILE=\"${SRCROOT}/HockeySDK-iOS/BuildAgent\"\nif [ -f \"$FILE\" ]; then\n\"$FILE\"\nfi";
		};
		F7BDAAB693C5E0DFDC1CD870 /* [CP] Embed Pods Frameworks */ = {
			isa = PBXShellScriptBuildPhase;
			buildActionMask = 2147483647;
			files = (
			);
			inputPaths = (
				"${SRCROOT}/Pods/Target Support Files/Pods-EventsPicLocation/Pods-EventsPicLocation-frameworks.sh",
				"${BUILT_PRODUCTS_DIR}/Alamofire/Alamofire.framework",
				"${BUILT_PRODUCTS_DIR}/IQKeyboardManager/IQKeyboardManager.framework",
				"${BUILT_PRODUCTS_DIR}/ISHPullUp/ISHPullUp.framework",
				"${BUILT_PRODUCTS_DIR}/KYDrawerController/KYDrawerController.framework",
				"${BUILT_PRODUCTS_DIR}/MBProgressHUD/MBProgressHUD.framework",
				"${BUILT_PRODUCTS_DIR}/ObjectMapper/ObjectMapper.framework",
				"${BUILT_PRODUCTS_DIR}/ReachabilitySwift/Reachability.framework",
				"${BUILT_PRODUCTS_DIR}/SDWebImage/SDWebImage.framework",
				"${BUILT_PRODUCTS_DIR}/SwiftRecord/SwiftRecord.framework",
				"${BUILT_PRODUCTS_DIR}/SwiftyJSON/SwiftyJSON.framework",
			);
			name = "[CP] Embed Pods Frameworks";
			outputPaths = (
				"${TARGET_BUILD_DIR}/${FRAMEWORKS_FOLDER_PATH}/Alamofire.framework",
				"${TARGET_BUILD_DIR}/${FRAMEWORKS_FOLDER_PATH}/IQKeyboardManager.framework",
				"${TARGET_BUILD_DIR}/${FRAMEWORKS_FOLDER_PATH}/ISHPullUp.framework",
				"${TARGET_BUILD_DIR}/${FRAMEWORKS_FOLDER_PATH}/KYDrawerController.framework",
				"${TARGET_BUILD_DIR}/${FRAMEWORKS_FOLDER_PATH}/MBProgressHUD.framework",
				"${TARGET_BUILD_DIR}/${FRAMEWORKS_FOLDER_PATH}/ObjectMapper.framework",
				"${TARGET_BUILD_DIR}/${FRAMEWORKS_FOLDER_PATH}/Reachability.framework",
				"${TARGET_BUILD_DIR}/${FRAMEWORKS_FOLDER_PATH}/SDWebImage.framework",
				"${TARGET_BUILD_DIR}/${FRAMEWORKS_FOLDER_PATH}/SwiftRecord.framework",
				"${TARGET_BUILD_DIR}/${FRAMEWORKS_FOLDER_PATH}/SwiftyJSON.framework",
			);
			runOnlyForDeploymentPostprocessing = 0;
			shellPath = /bin/sh;
			shellScript = "\"${SRCROOT}/Pods/Target Support Files/Pods-EventsPicLocation/Pods-EventsPicLocation-frameworks.sh\"\n";
			showEnvVarsInLog = 0;
		};
/* End PBXShellScriptBuildPhase section */

/* Begin PBXSourcesBuildPhase section */
		A88F3E451F1BF13100AE6ACC /* Sources */ = {
			isa = PBXSourcesBuildPhase;
			buildActionMask = 2147483647;
			files = (
				E272FF321FFE61F70093388B /* UIDownPicker.m in Sources */,
				E2A4A8AA1F8E96670009F603 /* SubjectVO.swift in Sources */,
				E21D44B61FF3D0FD00FCFBF1 /* GalleryViewController.swift in Sources */,
				E27465F71FA269E9002BD372 /* MediaRequestVO.swift in Sources */,
				E2A4A8941F8E88DB0009F603 /* Subject+CoreDataClass.swift in Sources */,
				E202E3F82003C74C00B70C6D /* Media+CoreDataProperties.swift in Sources */,
				E2A4A8A21F8E8DF40009F603 /* LotterryVO.swift in Sources */,
				E272FF2B1FFD59430093388B /* PhotoViewController.swift in Sources */,
				A8AE6CD51F76FD0200D86431 /* EventsPicLocation.xcdatamodeld in Sources */,
				E202E3F72003C74C00B70C6D /* Media+CoreDataClass.swift in Sources */,
				E21D44B31FF3CE0D00FCFBF1 /* MediaMainViewController.swift in Sources */,
				A88F3E651F1BF1EC00AE6ACC /* EPLUserPreferencesHelper.swift in Sources */,
				E2A4A8931F8E88DB0009F603 /* Lottery+CoreDataProperties.swift in Sources */,
				E272FF351FFE8C4C0093388B /* EPLLocationHelper.swift in Sources */,
				E2A4A8A41F8E95210009F603 /* ApiService.swift in Sources */,
				E2A4A8A71F8E95AF0009F603 /* LotterySubjectListsVO.swift in Sources */,
				E27465FA1FA26B47002BD372 /* MediaVO.swift in Sources */,
				E2A4A8A01F8E89B20009F603 /* ServiceApiUtil.swift in Sources */,
				A88F3E611F1BF19000AE6ACC /* LoginViewController.swift in Sources */,
				E2A4A8951F8E88DB0009F603 /* Subject+CoreDataProperties.swift in Sources */,
				A8C0591C1F1CD42A003781D7 /* EPLLabel.swift in Sources */,
				A8C059201F1E2310003781D7 /* EPLCameraHelper.swift in Sources */,
				A88F3E691F1BF3D100AE6ACC /* EPLHelper.swift in Sources */,
				A8AE6CD01F76F58300D86431 /* MediaViewController.swift in Sources */,
				E202E3FC2003F32500B70C6D /* FileMediaInfo+CoreDataProperties.swift in Sources */,
				E2A4A89C1F8E89590009F603 /* LotteryService.swift in Sources */,
				A8E768CF1F3A58CF00C5634E /* EPLBaseViewController.swift in Sources */,
				A88F3E4D1F1BF13100AE6ACC /* AppDelegate.swift in Sources */,
				E2A4A87B1F8D426E0009F603 /* MapViewController.swift in Sources */,
				E202E3FB2003F32500B70C6D /* FileMediaInfo+CoreDataClass.swift in Sources */,
				E2E7A2641FA8C77000E43969 /* RecoverPasswordViewController.swift in Sources */,
				A88F3E671F1BF33000AE6ACC /* EPLTextField.swift in Sources */,
				E2A4A8961F8E88DB0009F603 /* User+CoreDataClass.swift in Sources */,
				A88F3E7C1F1C036B00AE6ACC /* EPLButton.swift in Sources */,
				E272FF331FFE61F70093388B /* DownPicker.m in Sources */,
				E2A4A8801F8D484B0009F603 /* SettingsViewController.swift in Sources */,
				E272FF241FFCFAE40093388B /* MediaCollectionViewCell.swift in Sources */,
				E241B66D200DF0330009513B /* MediaDAO.swift in Sources */,
				E2A4A8971F8E88DB0009F603 /* User+CoreDataProperties.swift in Sources */,
				E2A4A8921F8E88DB0009F603 /* Lottery+CoreDataClass.swift in Sources */,
				E241B668200653C00009513B /* SyncCenter.swift in Sources */,
				A88F3E751F1BFC4F00AE6ACC /* CameraViewController.swift in Sources */,
				A8C059261F212757003781D7 /* MainViewController.swift in Sources */,
			);
			runOnlyForDeploymentPostprocessing = 0;
		};
/* End PBXSourcesBuildPhase section */

/* Begin PBXVariantGroup section */
		A88F3E711F1BF57400AE6ACC /* Localizable.strings */ = {
			isa = PBXVariantGroup;
			children = (
				A88F3E701F1BF57400AE6ACC /* Base */,
			);
			name = Localizable.strings;
			sourceTree = "<group>";
		};
/* End PBXVariantGroup section */

/* Begin XCBuildConfiguration section */
		A88F3E591F1BF13100AE6ACC /* Debug */ = {
			isa = XCBuildConfiguration;
			buildSettings = {
				ALWAYS_SEARCH_USER_PATHS = NO;
				CLANG_ANALYZER_LOCALIZABILITY_NONLOCALIZED = YES;
				CLANG_ANALYZER_NONNULL = YES;
				CLANG_ANALYZER_NUMBER_OBJECT_CONVERSION = YES_AGGRESSIVE;
				CLANG_CXX_LANGUAGE_STANDARD = "gnu++0x";
				CLANG_CXX_LIBRARY = "libc++";
				CLANG_ENABLE_MODULES = YES;
				CLANG_ENABLE_OBJC_ARC = YES;
				CLANG_WARN_BOOL_CONVERSION = YES;
				CLANG_WARN_CONSTANT_CONVERSION = YES;
				CLANG_WARN_DIRECT_OBJC_ISA_USAGE = YES_ERROR;
				CLANG_WARN_DOCUMENTATION_COMMENTS = YES;
				CLANG_WARN_EMPTY_BODY = YES;
				CLANG_WARN_ENUM_CONVERSION = YES;
				CLANG_WARN_INFINITE_RECURSION = YES;
				CLANG_WARN_INT_CONVERSION = YES;
				CLANG_WARN_OBJC_ROOT_CLASS = YES_ERROR;
				CLANG_WARN_SUSPICIOUS_MOVE = YES;
				CLANG_WARN_UNREACHABLE_CODE = YES;
				CLANG_WARN__DUPLICATE_METHOD_MATCH = YES;
				"CODE_SIGN_IDENTITY[sdk=iphoneos*]" = "iPhone Developer";
				COPY_PHASE_STRIP = NO;
				DEBUG_INFORMATION_FORMAT = dwarf;
				ENABLE_STRICT_OBJC_MSGSEND = YES;
				ENABLE_TESTABILITY = YES;
				GCC_C_LANGUAGE_STANDARD = gnu99;
				GCC_DYNAMIC_NO_PIC = NO;
				GCC_NO_COMMON_BLOCKS = YES;
				GCC_OPTIMIZATION_LEVEL = 0;
				GCC_PREPROCESSOR_DEFINITIONS = (
					"DEBUG=1",
					"$(inherited)",
				);
				GCC_WARN_64_TO_32_BIT_CONVERSION = YES;
				GCC_WARN_ABOUT_RETURN_TYPE = YES_ERROR;
				GCC_WARN_UNDECLARED_SELECTOR = YES;
				GCC_WARN_UNINITIALIZED_AUTOS = YES_AGGRESSIVE;
				GCC_WARN_UNUSED_FUNCTION = YES;
				GCC_WARN_UNUSED_VARIABLE = YES;
				IPHONEOS_DEPLOYMENT_TARGET = 10.3;
				MTL_ENABLE_DEBUG_INFO = YES;
				ONLY_ACTIVE_ARCH = YES;
				SDKROOT = iphoneos;
				SWIFT_ACTIVE_COMPILATION_CONDITIONS = DEBUG;
				SWIFT_OPTIMIZATION_LEVEL = "-Onone";
			};
			name = Debug;
		};
		A88F3E5A1F1BF13100AE6ACC /* Release */ = {
			isa = XCBuildConfiguration;
			buildSettings = {
				ALWAYS_SEARCH_USER_PATHS = NO;
				CLANG_ANALYZER_LOCALIZABILITY_NONLOCALIZED = YES;
				CLANG_ANALYZER_NONNULL = YES;
				CLANG_ANALYZER_NUMBER_OBJECT_CONVERSION = YES_AGGRESSIVE;
				CLANG_CXX_LANGUAGE_STANDARD = "gnu++0x";
				CLANG_CXX_LIBRARY = "libc++";
				CLANG_ENABLE_MODULES = YES;
				CLANG_ENABLE_OBJC_ARC = YES;
				CLANG_WARN_BOOL_CONVERSION = YES;
				CLANG_WARN_CONSTANT_CONVERSION = YES;
				CLANG_WARN_DIRECT_OBJC_ISA_USAGE = YES_ERROR;
				CLANG_WARN_DOCUMENTATION_COMMENTS = YES;
				CLANG_WARN_EMPTY_BODY = YES;
				CLANG_WARN_ENUM_CONVERSION = YES;
				CLANG_WARN_INFINITE_RECURSION = YES;
				CLANG_WARN_INT_CONVERSION = YES;
				CLANG_WARN_OBJC_ROOT_CLASS = YES_ERROR;
				CLANG_WARN_SUSPICIOUS_MOVE = YES;
				CLANG_WARN_UNREACHABLE_CODE = YES;
				CLANG_WARN__DUPLICATE_METHOD_MATCH = YES;
				"CODE_SIGN_IDENTITY[sdk=iphoneos*]" = "iPhone Developer";
				COPY_PHASE_STRIP = NO;
				DEBUG_INFORMATION_FORMAT = "dwarf-with-dsym";
				ENABLE_NS_ASSERTIONS = NO;
				ENABLE_STRICT_OBJC_MSGSEND = YES;
				GCC_C_LANGUAGE_STANDARD = gnu99;
				GCC_NO_COMMON_BLOCKS = YES;
				GCC_WARN_64_TO_32_BIT_CONVERSION = YES;
				GCC_WARN_ABOUT_RETURN_TYPE = YES_ERROR;
				GCC_WARN_UNDECLARED_SELECTOR = YES;
				GCC_WARN_UNINITIALIZED_AUTOS = YES_AGGRESSIVE;
				GCC_WARN_UNUSED_FUNCTION = YES;
				GCC_WARN_UNUSED_VARIABLE = YES;
				IPHONEOS_DEPLOYMENT_TARGET = 10.3;
				MTL_ENABLE_DEBUG_INFO = NO;
				SDKROOT = iphoneos;
				SWIFT_OPTIMIZATION_LEVEL = "-Owholemodule";
				VALIDATE_PRODUCT = YES;
			};
			name = Release;
		};
		A88F3E5C1F1BF13100AE6ACC /* Debug */ = {
			isa = XCBuildConfiguration;
			baseConfigurationReference = 758510C4447AE44D570D1422 /* Pods-EventsPicLocation.debug.xcconfig */;
			buildSettings = {
				ASSETCATALOG_COMPILER_APPICON_NAME = AppIcon;
				CLANG_ENABLE_MODULES = YES;
				DEVELOPMENT_TEAM = WV4Z8MU649;
				INFOPLIST_FILE = EventsPicLocation/Info.plist;
				IPHONEOS_DEPLOYMENT_TARGET = 8.0;
				LD_RUNPATH_SEARCH_PATHS = "$(inherited) @executable_path/Frameworks";
				PRODUCT_BUNDLE_IDENTIFIER = com.br.redepos.EventsPicLocation;
				PRODUCT_NAME = "$(TARGET_NAME)";
				SWIFT_OBJC_BRIDGING_HEADER = "EventsPicLocation/EventsPicLocation-Bridging-Header.h";
				SWIFT_OPTIMIZATION_LEVEL = "-Onone";
				SWIFT_VERSION = 3.0;
			};
			name = Debug;
		};
		A88F3E5D1F1BF13100AE6ACC /* Release */ = {
			isa = XCBuildConfiguration;
			baseConfigurationReference = DA85193ABA5D7FB28942AC56 /* Pods-EventsPicLocation.release.xcconfig */;
			buildSettings = {
				ASSETCATALOG_COMPILER_APPICON_NAME = AppIcon;
				CLANG_ENABLE_MODULES = YES;
				DEVELOPMENT_TEAM = WV4Z8MU649;
				INFOPLIST_FILE = EventsPicLocation/Info.plist;
				IPHONEOS_DEPLOYMENT_TARGET = 8.0;
				LD_RUNPATH_SEARCH_PATHS = "$(inherited) @executable_path/Frameworks";
				PRODUCT_BUNDLE_IDENTIFIER = com.br.redepos.EventsPicLocation;
				PRODUCT_NAME = "$(TARGET_NAME)";
				SWIFT_OBJC_BRIDGING_HEADER = "EventsPicLocation/EventsPicLocation-Bridging-Header.h";
				SWIFT_VERSION = 3.0;
			};
			name = Release;
		};
/* End XCBuildConfiguration section */

/* Begin XCConfigurationList section */
		A88F3E441F1BF13100AE6ACC /* Build configuration list for PBXProject "EventsPicLocation" */ = {
			isa = XCConfigurationList;
			buildConfigurations = (
				A88F3E591F1BF13100AE6ACC /* Debug */,
				A88F3E5A1F1BF13100AE6ACC /* Release */,
			);
			defaultConfigurationIsVisible = 0;
			defaultConfigurationName = Release;
		};
		A88F3E5B1F1BF13100AE6ACC /* Build configuration list for PBXNativeTarget "EventsPicLocation" */ = {
			isa = XCConfigurationList;
			buildConfigurations = (
				A88F3E5C1F1BF13100AE6ACC /* Debug */,
				A88F3E5D1F1BF13100AE6ACC /* Release */,
			);
			defaultConfigurationIsVisible = 0;
			defaultConfigurationName = Release;
		};
/* End XCConfigurationList section */

/* Begin XCVersionGroup section */
		A8AE6CD31F76FD0200D86431 /* EventsPicLocation.xcdatamodeld */ = {
			isa = XCVersionGroup;
			children = (
				A8AE6CD41F76FD0200D86431 /* EventsPicLocationModel.xcdatamodel */,
			);
			currentVersion = A8AE6CD41F76FD0200D86431 /* EventsPicLocationModel.xcdatamodel */;
			path = EventsPicLocation.xcdatamodeld;
			sourceTree = "<group>";
			versionGroupType = wrapper.xcdatamodel;
		};
/* End XCVersionGroup section */
	};
	rootObject = A88F3E411F1BF13100AE6ACC /* Project object */;
}
